
Microsoft Visual Studio Solution File, Format Version 12.00
# Visual Studio Version 16
VisualStudioVersion = 16.0.31424.327
MinimumVisualStudioVersion = 10.0.40219.1
Project("{9A19103F-16F7-4668-BE54-9A1E7A4F7556}") = "Calculations", "Calculations\Calculations.csproj", "{3A0E2E00-B14C-4074-A684-E779E95CEC6B}"
EndProject
Project("{FAE04EC0-301F-11D3-BF4B-00C04F79EFBC}") = "Calculations.Tests", "Calculations.Tests\Calculations.Tests.csproj", "{538AA3B4-1F26-4583-91B5-667886428E21}"
EndProject
Global
	GlobalSection(SolutionConfigurationPlatforms) = preSolution
		Debug|Any CPU = Debug|Any CPU
		Release|Any CPU = Release|Any CPU
	EndGlobalSection
	GlobalSection(ProjectConfigurationPlatforms) = postSolution
		{3A0E2E00-B14C-4074-A684-E779E95CEC6B}.Debug|Any CPU.ActiveCfg = Debug|Any CPU
		{3A0E2E00-B14C-4074-A684-E779E95CEC6B}.Debug|Any CPU.Build.0 = Debug|Any CPU
		{3A0E2E00-B14C-4074-A684-E779E95CEC6B}.Release|Any CPU.ActiveCfg = Release|Any CPU
		{3A0E2E00-B14C-4074-A684-E779E95CEC6B}.Release|Any CPU.Build.0 = Release|Any CPU
		{538AA3B4-1F26-4583-91B5-667886428E21}.Debug|Any CPU.ActiveCfg = Debug|Any CPU
		{538AA3B4-1F26-4583-91B5-667886428E21}.Debug|Any CPU.Build.0 = Debug|Any CPU
		{538AA3B4-1F26-4583-91B5-667886428E21}.Release|Any CPU.ActiveCfg = Release|Any CPU
		{538AA3B4-1F26-4583-91B5-667886428E21}.Release|Any CPU.Build.0 = Release|Any CPU
	EndGlobalSection
	GlobalSection(SolutionProperties) = preSolution
		HideSolutionNode = FALSE
	EndGlobalSection
	GlobalSection(ExtensibilityGlobals) = postSolution
		SolutionGuid = {1360DC19-CACA-4691-A0CE-BD4F364AD50A}
	EndGlobalSection
EndGlobal
